
Microsoft Visual Studio Solution File, Format Version 12.00
# Visual Studio Version 17
VisualStudioVersion = 17.11.35312.102
MinimumVisualStudioVersion = 10.0.40219.1
Project("{FAE04EC0-301F-11D3-BF4B-00C04F79EFBC}") = "123Vendas.Api", "123Vendas.Api\123Vendas.Api.csproj", "{8F896FA2-B892-4706-98F0-BB6219F3BFFD}"
EndProject
Project("{FAE04EC0-301F-11D3-BF4B-00C04F79EFBC}") = "123Vendas.Aplicacao", "123Vendas.Application\123Vendas.Aplicacao.csproj", "{22105394-49E4-4E52-931A-32CC19B3F9D0}"
EndProject
Project("{FAE04EC0-301F-11D3-BF4B-00C04F79EFBC}") = "123Vendas.Dominio", "123Vendas.Domain\123Vendas.Dominio.csproj", "{0B8C41A9-1747-41F4-88CD-3297C78B5BD0}"
EndProject
Project("{FAE04EC0-301F-11D3-BF4B-00C04F79EFBC}") = "123Vendas.Infraestrutura", "123Vendas.Infrastructure\123Vendas.Infraestrutura.csproj", "{E0B146E7-D118-4091-B8DE-361F0CDA93EE}"
EndProject
Project("{2150E333-8FDC-42A3-9474-1A3956D46DE8}") = "Docs", "Docs", "{FDCF78A8-E6AC-4225-9DF8-D39F16299CB1}"
	ProjectSection(SolutionItems) = preProject
		README.md = README.md
	EndProjectSection
EndProject
Project("{FAE04EC0-301F-11D3-BF4B-00C04F79EFBC}") = "123Vendas.Testes", "123Vendas.Testes\123Vendas.Testes.csproj", "{E140ADCB-47F0-43EE-AA22-1DDD2089A155}"
EndProject
Global
	GlobalSection(SolutionConfigurationPlatforms) = preSolution
		Debug|Any CPU = Debug|Any CPU
		Release|Any CPU = Release|Any CPU
	EndGlobalSection
	GlobalSection(ProjectConfigurationPlatforms) = postSolution
		{8F896FA2-B892-4706-98F0-BB6219F3BFFD}.Debug|Any CPU.ActiveCfg = Debug|Any CPU
		{8F896FA2-B892-4706-98F0-BB6219F3BFFD}.Debug|Any CPU.Build.0 = Debug|Any CPU
		{8F896FA2-B892-4706-98F0-BB6219F3BFFD}.Release|Any CPU.ActiveCfg = Release|Any CPU
		{8F896FA2-B892-4706-98F0-BB6219F3BFFD}.Release|Any CPU.Build.0 = Release|Any CPU
		{22105394-49E4-4E52-931A-32CC19B3F9D0}.Debug|Any CPU.ActiveCfg = Debug|Any CPU
		{22105394-49E4-4E52-931A-32CC19B3F9D0}.Debug|Any CPU.Build.0 = Debug|Any CPU
		{22105394-49E4-4E52-931A-32CC19B3F9D0}.Release|Any CPU.ActiveCfg = Release|Any CPU
		{22105394-49E4-4E52-931A-32CC19B3F9D0}.Release|Any CPU.Build.0 = Release|Any CPU
		{0B8C41A9-1747-41F4-88CD-3297C78B5BD0}.Debug|Any CPU.ActiveCfg = Debug|Any CPU
		{0B8C41A9-1747-41F4-88CD-3297C78B5BD0}.Debug|Any CPU.Build.0 = Debug|Any CPU
		{0B8C41A9-1747-41F4-88CD-3297C78B5BD0}.Release|Any CPU.ActiveCfg = Release|Any CPU
		{0B8C41A9-1747-41F4-88CD-3297C78B5BD0}.Release|Any CPU.Build.0 = Release|Any CPU
		{E0B146E7-D118-4091-B8DE-361F0CDA93EE}.Debug|Any CPU.ActiveCfg = Debug|Any CPU
		{E0B146E7-D118-4091-B8DE-361F0CDA93EE}.Debug|Any CPU.Build.0 = Debug|Any CPU
		{E0B146E7-D118-4091-B8DE-361F0CDA93EE}.Release|Any CPU.ActiveCfg = Release|Any CPU
		{E0B146E7-D118-4091-B8DE-361F0CDA93EE}.Release|Any CPU.Build.0 = Release|Any CPU
		{E140ADCB-47F0-43EE-AA22-1DDD2089A155}.Debug|Any CPU.ActiveCfg = Debug|Any CPU
		{E140ADCB-47F0-43EE-AA22-1DDD2089A155}.Debug|Any CPU.Build.0 = Debug|Any CPU
		{E140ADCB-47F0-43EE-AA22-1DDD2089A155}.Release|Any CPU.ActiveCfg = Release|Any CPU
		{E140ADCB-47F0-43EE-AA22-1DDD2089A155}.Release|Any CPU.Build.0 = Release|Any CPU
	EndGlobalSection
	GlobalSection(SolutionProperties) = preSolution
		HideSolutionNode = FALSE
	EndGlobalSection
	GlobalSection(ExtensibilityGlobals) = postSolution
		SolutionGuid = {646AA015-3C0E-486C-9948-96E421F76775}
	EndGlobalSection
EndGlobal
